
Microsoft Visual Studio Solution File, Format Version 12.00
# Visual Studio Version 16
VisualStudioVersion = 16.0.31911.196
MinimumVisualStudioVersion = 10.0.40219.1
Project("{FAE04EC0-301F-11D3-BF4B-00C04F79EFBC}") = "CarShopForms", "CarShopForms.csproj", "{D83E053E-E9E1-4D45-B534-9CA6A8997A38}"
EndProject
Global
	GlobalSection(SolutionConfigurationPlatforms) = preSolution
		Debug|Any CPU = Debug|Any CPU
		Release|Any CPU = Release|Any CPU
	EndGlobalSection
	GlobalSection(ProjectConfigurationPlatforms) = postSolution
		{D83E053E-E9E1-4D45-B534-9CA6A8997A38}.Debug|Any CPU.ActiveCfg = Debug|Any CPU
		{D83E053E-E9E1-4D45-B534-9CA6A8997A38}.Debug|Any CPU.Build.0 = Debug|Any CPU
		{D83E053E-E9E1-4D45-B534-9CA6A8997A38}.Release|Any CPU.ActiveCfg = Release|Any CPU
		{D83E053E-E9E1-4D45-B534-9CA6A8997A38}.Release|Any CPU.Build.0 = Release|Any CPU
	EndGlobalSection
	GlobalSection(SolutionProperties) = preSolution
		HideSolutionNode = FALSE
	EndGlobalSection
	GlobalSection(ExtensibilityGlobals) = postSolution
		SolutionGuid = {C8D6891D-51EE-479C-8E78-DEE7CD9DB661}
	EndGlobalSection
EndGlobal
